
Microsoft Visual Studio Solution File, Format Version 12.00
# Visual Studio 15
VisualStudioVersion = 15.0.27130.0
MinimumVisualStudioVersion = 10.0.40219.1
Project("{FAE04EC0-301F-11D3-BF4B-00C04F79EFBC}") = "Plugin.FilePicker", "FilePicker\Plugin.FilePicker\Plugin.FilePicker.csproj", "{A6FCEF44-D2BA-42C7-B3CB-13667BCD7B54}"
EndProject
Project("{FAE04EC0-301F-11D3-BF4B-00C04F79EFBC}") = "Plugin.FilePicker.Abstractions", "FilePicker\Plugin.FilePicker.Abstractions\Plugin.FilePicker.Abstractions.csproj", "{6EDB0588-FFC5-4EF5-8A99-9E241D0F878D}"
EndProject
Project("{FAE04EC0-301F-11D3-BF4B-00C04F79EFBC}") = "Plugin.FilePicker.iOS", "FilePicker\Plugin.FilePicker.iOS\Plugin.FilePicker.iOS.csproj", "{2882AEEB-D4CD-4EB9-8A6C-6653B33681F0}"
EndProject
Project("{FAE04EC0-301F-11D3-BF4B-00C04F79EFBC}") = "Plugin.FilePicker.Android", "FilePicker\Plugin.FilePicker.Android\Plugin.FilePicker.Android.csproj", "{56A56F17-7DE1-4CA1-9617-BF32E971AC84}"
EndProject
Project("{FAE04EC0-301F-11D3-BF4B-00C04F79EFBC}") = "Plugin.FilePicker.WindowsStore", "FilePicker\Plugin.FilePicker.WindowsStore\Plugin.FilePicker.WindowsStore.csproj", "{ED9A4CA1-C04C-457D-9A2E-7995CCF12356}"
EndProject
Project("{FAE04EC0-301F-11D3-BF4B-00C04F79EFBC}") = "Plugin.FilePicker.Mac", "FilePicker\Plugin.FilePicker.Mac\Plugin.FilePicker.Mac.csproj", "{C1E6D43D-38EB-4673-A9AA-8B1116CE9C10}"
EndProject
Project("{FAE04EC0-301F-11D3-BF4B-00C04F79EFBC}") = "Plugin.FilePicker.WindowsPhone8", "FilePicker\Plugin.FilePicker.WindowsPhone8\Plugin.FilePicker.WindowsPhone8.csproj", "{5876144B-47DD-4C4E-B421-BC03F191B996}"
EndProject
Project("{FAE04EC0-301F-11D3-BF4B-00C04F79EFBC}") = "Plugin.FilePicker.WindowsPhone81", "FilePicker\Plugin.FilePicker.WindowsPhone81\Plugin.FilePicker.WindowsPhone81.csproj", "{7169373F-0B82-4E5D-9129-7CC3065B90FA}"
EndProject
Project("{FAE04EC0-301F-11D3-BF4B-00C04F79EFBC}") = "Plugin.FilePicker.UWP", "FilePicker\Plugin.FilePicker.UWP\Plugin.FilePicker.UWP.csproj", "{E34B516D-C0D8-450F-9DB0-BB6A5B04AEF1}"
EndProject
Project("{2150E333-8FDC-42A3-9474-1A3956D46DE8}") = "Solution Items", "Solution Items", "{B5D9C3EE-C113-4BD5-9D91-248957142A8D}"
	ProjectSection(SolutionItems) = preProject
		LeoJHarris.Plugin.FilePicker.nuspec = LeoJHarris.Plugin.FilePicker.nuspec
		..\LICENSE = ..\LICENSE
		..\README.md = ..\README.md
	EndProjectSection
EndProject
Project("{2150E333-8FDC-42A3-9474-1A3956D46DE8}") = "Sample", "Sample", "{0C5DE55F-0FAB-4E53-95A1-63444FBBAB54}"
EndProject
Project("{FAE04EC0-301F-11D3-BF4B-00C04F79EFBC}") = "Sample.Android", "Sample\Sample.Android\Sample.Android.csproj", "{DE2DBC59-B397-46C0-8B76-7735E6BFD51E}"
EndProject
Project("{FAE04EC0-301F-11D3-BF4B-00C04F79EFBC}") = "Sample", "Sample\Sample\Sample.csproj", "{DFF33968-A06A-497E-87AB-CCBB983E2B43}"
EndProject
Project("{FAE04EC0-301F-11D3-BF4B-00C04F79EFBC}") = "Sample.UWP", "Sample\Sample.UWP\Sample.UWP.csproj", "{CF333E13-FF99-48E6-B3FF-04471555007C}"
EndProject
Project("{FAE04EC0-301F-11D3-BF4B-00C04F79EFBC}") = "Sample.iOS", "Sample\Sample.iOS\Sample.iOS.csproj", "{E478A210-66FB-4BDE-9AA8-3D20DDFE4FCA}"
EndProject
Global
	GlobalSection(SolutionConfigurationPlatforms) = preSolution
		Ad-Hoc|Any CPU = Ad-Hoc|Any CPU
		Ad-Hoc|ARM = Ad-Hoc|ARM
		Ad-Hoc|iPhone = Ad-Hoc|iPhone
		Ad-Hoc|iPhoneSimulator = Ad-Hoc|iPhoneSimulator
		Ad-Hoc|x64 = Ad-Hoc|x64
		Ad-Hoc|x86 = Ad-Hoc|x86
		AppStore|Any CPU = AppStore|Any CPU
		AppStore|ARM = AppStore|ARM
		AppStore|iPhone = AppStore|iPhone
		AppStore|iPhoneSimulator = AppStore|iPhoneSimulator
		AppStore|x64 = AppStore|x64
		AppStore|x86 = AppStore|x86
		Debug|Any CPU = Debug|Any CPU
		Debug|ARM = Debug|ARM
		Debug|iPhone = Debug|iPhone
		Debug|iPhoneSimulator = Debug|iPhoneSimulator
		Debug|x64 = Debug|x64
		Debug|x86 = Debug|x86
		Release|Any CPU = Release|Any CPU
		Release|ARM = Release|ARM
		Release|iPhone = Release|iPhone
		Release|iPhoneSimulator = Release|iPhoneSimulator
		Release|x64 = Release|x64
		Release|x86 = Release|x86
	EndGlobalSection
	GlobalSection(ProjectConfigurationPlatforms) = postSolution
		{A6FCEF44-D2BA-42C7-B3CB-13667BCD7B54}.Ad-Hoc|Any CPU.ActiveCfg = Debug|Any CPU
		{A6FCEF44-D2BA-42C7-B3CB-13667BCD7B54}.Ad-Hoc|Any CPU.Build.0 = Debug|Any CPU
		{A6FCEF44-D2BA-42C7-B3CB-13667BCD7B54}.Ad-Hoc|ARM.ActiveCfg = Debug|Any CPU
		{A6FCEF44-D2BA-42C7-B3CB-13667BCD7B54}.Ad-Hoc|ARM.Build.0 = Debug|Any CPU
		{A6FCEF44-D2BA-42C7-B3CB-13667BCD7B54}.Ad-Hoc|iPhone.ActiveCfg = Debug|Any CPU
		{A6FCEF44-D2BA-42C7-B3CB-13667BCD7B54}.Ad-Hoc|iPhone.Build.0 = Debug|Any CPU
		{A6FCEF44-D2BA-42C7-B3CB-13667BCD7B54}.Ad-Hoc|iPhoneSimulator.ActiveCfg = Debug|Any CPU
		{A6FCEF44-D2BA-42C7-B3CB-13667BCD7B54}.Ad-Hoc|iPhoneSimulator.Build.0 = Debug|Any CPU
		{A6FCEF44-D2BA-42C7-B3CB-13667BCD7B54}.Ad-Hoc|x64.ActiveCfg = Debug|Any CPU
		{A6FCEF44-D2BA-42C7-B3CB-13667BCD7B54}.Ad-Hoc|x64.Build.0 = Debug|Any CPU
		{A6FCEF44-D2BA-42C7-B3CB-13667BCD7B54}.Ad-Hoc|x86.ActiveCfg = Debug|Any CPU
		{A6FCEF44-D2BA-42C7-B3CB-13667BCD7B54}.Ad-Hoc|x86.Build.0 = Debug|Any CPU
		{A6FCEF44-D2BA-42C7-B3CB-13667BCD7B54}.AppStore|Any CPU.ActiveCfg = Release|Any CPU
		{A6FCEF44-D2BA-42C7-B3CB-13667BCD7B54}.AppStore|Any CPU.Build.0 = Release|Any CPU
		{A6FCEF44-D2BA-42C7-B3CB-13667BCD7B54}.AppStore|ARM.ActiveCfg = Release|Any CPU
		{A6FCEF44-D2BA-42C7-B3CB-13667BCD7B54}.AppStore|ARM.Build.0 = Release|Any CPU
		{A6FCEF44-D2BA-42C7-B3CB-13667BCD7B54}.AppStore|iPhone.ActiveCfg = Debug|Any CPU
		{A6FCEF44-D2BA-42C7-B3CB-13667BCD7B54}.AppStore|iPhone.Build.0 = Debug|Any CPU
		{A6FCEF44-D2BA-42C7-B3CB-13667BCD7B54}.AppStore|iPhoneSimulator.ActiveCfg = Debug|Any CPU
		{A6FCEF44-D2BA-42C7-B3CB-13667BCD7B54}.AppStore|iPhoneSimulator.Build.0 = Debug|Any CPU
		{A6FCEF44-D2BA-42C7-B3CB-13667BCD7B54}.AppStore|x64.ActiveCfg = Release|Any CPU
		{A6FCEF44-D2BA-42C7-B3CB-13667BCD7B54}.AppStore|x64.Build.0 = Release|Any CPU
		{A6FCEF44-D2BA-42C7-B3CB-13667BCD7B54}.AppStore|x86.ActiveCfg = Release|Any CPU
		{A6FCEF44-D2BA-42C7-B3CB-13667BCD7B54}.AppStore|x86.Build.0 = Release|Any CPU
		{A6FCEF44-D2BA-42C7-B3CB-13667BCD7B54}.Debug|Any CPU.ActiveCfg = Debug|Any CPU
		{A6FCEF44-D2BA-42C7-B3CB-13667BCD7B54}.Debug|Any CPU.Build.0 = Debug|Any CPU
		{A6FCEF44-D2BA-42C7-B3CB-13667BCD7B54}.Debug|ARM.ActiveCfg = Debug|Any CPU
		{A6FCEF44-D2BA-42C7-B3CB-13667BCD7B54}.Debug|ARM.Build.0 = Debug|Any CPU
		{A6FCEF44-D2BA-42C7-B3CB-13667BCD7B54}.Debug|iPhone.ActiveCfg = Debug|Any CPU
		{A6FCEF44-D2BA-42C7-B3CB-13667BCD7B54}.Debug|iPhone.Build.0 = Debug|Any CPU
		{A6FCEF44-D2BA-42C7-B3CB-13667BCD7B54}.Debug|iPhoneSimulator.ActiveCfg = Debug|Any CPU
		{A6FCEF44-D2BA-42C7-B3CB-13667BCD7B54}.Debug|iPhoneSimulator.Build.0 = Debug|Any CPU
		{A6FCEF44-D2BA-42C7-B3CB-13667BCD7B54}.Debug|x64.ActiveCfg = Debug|Any CPU
		{A6FCEF44-D2BA-42C7-B3CB-13667BCD7B54}.Debug|x64.Build.0 = Debug|Any CPU
		{A6FCEF44-D2BA-42C7-B3CB-13667BCD7B54}.Debug|x86.ActiveCfg = Debug|Any CPU
		{A6FCEF44-D2BA-42C7-B3CB-13667BCD7B54}.Debug|x86.Build.0 = Debug|Any CPU
		{A6FCEF44-D2BA-42C7-B3CB-13667BCD7B54}.Release|Any CPU.ActiveCfg = Release|Any CPU
		{A6FCEF44-D2BA-42C7-B3CB-13667BCD7B54}.Release|Any CPU.Build.0 = Release|Any CPU
		{A6FCEF44-D2BA-42C7-B3CB-13667BCD7B54}.Release|ARM.ActiveCfg = Release|Any CPU
		{A6FCEF44-D2BA-42C7-B3CB-13667BCD7B54}.Release|ARM.Build.0 = Release|Any CPU
		{A6FCEF44-D2BA-42C7-B3CB-13667BCD7B54}.Release|iPhone.ActiveCfg = Release|Any CPU
		{A6FCEF44-D2BA-42C7-B3CB-13667BCD7B54}.Release|iPhone.Build.0 = Release|Any CPU
		{A6FCEF44-D2BA-42C7-B3CB-13667BCD7B54}.Release|iPhoneSimulator.ActiveCfg = Release|Any CPU
		{A6FCEF44-D2BA-42C7-B3CB-13667BCD7B54}.Release|iPhoneSimulator.Build.0 = Release|Any CPU
		{A6FCEF44-D2BA-42C7-B3CB-13667BCD7B54}.Release|x64.ActiveCfg = Release|Any CPU
		{A6FCEF44-D2BA-42C7-B3CB-13667BCD7B54}.Release|x64.Build.0 = Release|Any CPU
		{A6FCEF44-D2BA-42C7-B3CB-13667BCD7B54}.Release|x86.ActiveCfg = Release|Any CPU
		{A6FCEF44-D2BA-42C7-B3CB-13667BCD7B54}.Release|x86.Build.0 = Release|Any CPU
		{6EDB0588-FFC5-4EF5-8A99-9E241D0F878D}.Ad-Hoc|Any CPU.ActiveCfg = Debug|Any CPU
		{6EDB0588-FFC5-4EF5-8A99-9E241D0F878D}.Ad-Hoc|Any CPU.Build.0 = Debug|Any CPU
		{6EDB0588-FFC5-4EF5-8A99-9E241D0F878D}.Ad-Hoc|ARM.ActiveCfg = Debug|Any CPU
		{6EDB0588-FFC5-4EF5-8A99-9E241D0F878D}.Ad-Hoc|ARM.Build.0 = Debug|Any CPU
		{6EDB0588-FFC5-4EF5-8A99-9E241D0F878D}.Ad-Hoc|iPhone.ActiveCfg = Debug|Any CPU
		{6EDB0588-FFC5-4EF5-8A99-9E241D0F878D}.Ad-Hoc|iPhone.Build.0 = Debug|Any CPU
		{6EDB0588-FFC5-4EF5-8A99-9E241D0F878D}.Ad-Hoc|iPhoneSimulator.ActiveCfg = Debug|Any CPU
		{6EDB0588-FFC5-4EF5-8A99-9E241D0F878D}.Ad-Hoc|iPhoneSimulator.Build.0 = Debug|Any CPU
		{6EDB0588-FFC5-4EF5-8A99-9E241D0F878D}.Ad-Hoc|x64.ActiveCfg = Debug|Any CPU
		{6EDB0588-FFC5-4EF5-8A99-9E241D0F878D}.Ad-Hoc|x64.Build.0 = Debug|Any CPU
		{6EDB0588-FFC5-4EF5-8A99-9E241D0F878D}.Ad-Hoc|x86.ActiveCfg = Debug|Any CPU
		{6EDB0588-FFC5-4EF5-8A99-9E241D0F878D}.Ad-Hoc|x86.Build.0 = Debug|Any CPU
		{6EDB0588-FFC5-4EF5-8A99-9E241D0F878D}.AppStore|Any CPU.ActiveCfg = Release|Any CPU
		{6EDB0588-FFC5-4EF5-8A99-9E241D0F878D}.AppStore|Any CPU.Build.0 = Release|Any CPU
		{6EDB0588-FFC5-4EF5-8A99-9E241D0F878D}.AppStore|ARM.ActiveCfg = Release|Any CPU
		{6EDB0588-FFC5-4EF5-8A99-9E241D0F878D}.AppStore|ARM.Build.0 = Release|Any CPU
		{6EDB0588-FFC5-4EF5-8A99-9E241D0F878D}.AppStore|iPhone.ActiveCfg = Debug|Any CPU
		{6EDB0588-FFC5-4EF5-8A99-9E241D0F878D}.AppStore|iPhone.Build.0 = Debug|Any CPU
		{6EDB0588-FFC5-4EF5-8A99-9E241D0F878D}.AppStore|iPhoneSimulator.ActiveCfg = Debug|Any CPU
		{6EDB0588-FFC5-4EF5-8A99-9E241D0F878D}.AppStore|iPhoneSimulator.Build.0 = Debug|Any CPU
		{6EDB0588-FFC5-4EF5-8A99-9E241D0F878D}.AppStore|x64.ActiveCfg = Release|Any CPU
		{6EDB0588-FFC5-4EF5-8A99-9E241D0F878D}.AppStore|x64.Build.0 = Release|Any CPU
		{6EDB0588-FFC5-4EF5-8A99-9E241D0F878D}.AppStore|x86.ActiveCfg = Release|Any CPU
		{6EDB0588-FFC5-4EF5-8A99-9E241D0F878D}.AppStore|x86.Build.0 = Release|Any CPU
		{6EDB0588-FFC5-4EF5-8A99-9E241D0F878D}.Debug|Any CPU.ActiveCfg = Debug|Any CPU
		{6EDB0588-FFC5-4EF5-8A99-9E241D0F878D}.Debug|Any CPU.Build.0 = Debug|Any CPU
		{6EDB0588-FFC5-4EF5-8A99-9E241D0F878D}.Debug|ARM.ActiveCfg = Debug|Any CPU
		{6EDB0588-FFC5-4EF5-8A99-9E241D0F878D}.Debug|ARM.Build.0 = Debug|Any CPU
		{6EDB0588-FFC5-4EF5-8A99-9E241D0F878D}.Debug|iPhone.ActiveCfg = Debug|Any CPU
		{6EDB0588-FFC5-4EF5-8A99-9E241D0F878D}.Debug|iPhone.Build.0 = Debug|Any CPU
		{6EDB0588-FFC5-4EF5-8A99-9E241D0F878D}.Debug|iPhoneSimulator.ActiveCfg = Debug|Any CPU
		{6EDB0588-FFC5-4EF5-8A99-9E241D0F878D}.Debug|iPhoneSimulator.Build.0 = Debug|Any CPU
		{6EDB0588-FFC5-4EF5-8A99-9E241D0F878D}.Debug|x64.ActiveCfg = Debug|Any CPU
		{6EDB0588-FFC5-4EF5-8A99-9E241D0F878D}.Debug|x64.Build.0 = Debug|Any CPU
		{6EDB0588-FFC5-4EF5-8A99-9E241D0F878D}.Debug|x86.ActiveCfg = Debug|Any CPU
		{6EDB0588-FFC5-4EF5-8A99-9E241D0F878D}.Debug|x86.Build.0 = Debug|Any CPU
		{6EDB0588-FFC5-4EF5-8A99-9E241D0F878D}.Release|Any CPU.ActiveCfg = Release|Any CPU
		{6EDB0588-FFC5-4EF5-8A99-9E241D0F878D}.Release|Any CPU.Build.0 = Release|Any CPU
		{6EDB0588-FFC5-4EF5-8A99-9E241D0F878D}.Release|ARM.ActiveCfg = Release|Any CPU
		{6EDB0588-FFC5-4EF5-8A99-9E241D0F878D}.Release|ARM.Build.0 = Release|Any CPU
		{6EDB0588-FFC5-4EF5-8A99-9E241D0F878D}.Release|iPhone.ActiveCfg = Release|Any CPU
		{6EDB0588-FFC5-4EF5-8A99-9E241D0F878D}.Release|iPhone.Build.0 = Release|Any CPU
		{6EDB0588-FFC5-4EF5-8A99-9E241D0F878D}.Release|iPhoneSimulator.ActiveCfg = Release|Any CPU
		{6EDB0588-FFC5-4EF5-8A99-9E241D0F878D}.Release|iPhoneSimulator.Build.0 = Release|Any CPU
		{6EDB0588-FFC5-4EF5-8A99-9E241D0F878D}.Release|x64.ActiveCfg = Release|Any CPU
		{6EDB0588-FFC5-4EF5-8A99-9E241D0F878D}.Release|x64.Build.0 = Release|Any CPU
		{6EDB0588-FFC5-4EF5-8A99-9E241D0F878D}.Release|x86.ActiveCfg = Release|Any CPU
		{6EDB0588-FFC5-4EF5-8A99-9E241D0F878D}.Release|x86.Build.0 = Release|Any CPU
		{2882AEEB-D4CD-4EB9-8A6C-6653B33681F0}.Ad-Hoc|Any CPU.ActiveCfg = Debug|Any CPU
		{2882AEEB-D4CD-4EB9-8A6C-6653B33681F0}.Ad-Hoc|Any CPU.Build.0 = Debug|Any CPU
		{2882AEEB-D4CD-4EB9-8A6C-6653B33681F0}.Ad-Hoc|ARM.ActiveCfg = Debug|Any CPU
		{2882AEEB-D4CD-4EB9-8A6C-6653B33681F0}.Ad-Hoc|ARM.Build.0 = Debug|Any CPU
		{2882AEEB-D4CD-4EB9-8A6C-6653B33681F0}.Ad-Hoc|iPhone.ActiveCfg = Debug|Any CPU
		{2882AEEB-D4CD-4EB9-8A6C-6653B33681F0}.Ad-Hoc|iPhone.Build.0 = Debug|Any CPU
		{2882AEEB-D4CD-4EB9-8A6C-6653B33681F0}.Ad-Hoc|iPhoneSimulator.ActiveCfg = Debug|Any CPU
		{2882AEEB-D4CD-4EB9-8A6C-6653B33681F0}.Ad-Hoc|iPhoneSimulator.Build.0 = Debug|Any CPU
		{2882AEEB-D4CD-4EB9-8A6C-6653B33681F0}.Ad-Hoc|x64.ActiveCfg = Debug|Any CPU
		{2882AEEB-D4CD-4EB9-8A6C-6653B33681F0}.Ad-Hoc|x64.Build.0 = Debug|Any CPU
		{2882AEEB-D4CD-4EB9-8A6C-6653B33681F0}.Ad-Hoc|x86.ActiveCfg = Debug|Any CPU
		{2882AEEB-D4CD-4EB9-8A6C-6653B33681F0}.Ad-Hoc|x86.Build.0 = Debug|Any CPU
		{2882AEEB-D4CD-4EB9-8A6C-6653B33681F0}.AppStore|Any CPU.ActiveCfg = Release|Any CPU
		{2882AEEB-D4CD-4EB9-8A6C-6653B33681F0}.AppStore|Any CPU.Build.0 = Release|Any CPU
		{2882AEEB-D4CD-4EB9-8A6C-6653B33681F0}.AppStore|ARM.ActiveCfg = Release|Any CPU
		{2882AEEB-D4CD-4EB9-8A6C-6653B33681F0}.AppStore|ARM.Build.0 = Release|Any CPU
		{2882AEEB-D4CD-4EB9-8A6C-6653B33681F0}.AppStore|iPhone.ActiveCfg = Debug|Any CPU
		{2882AEEB-D4CD-4EB9-8A6C-6653B33681F0}.AppStore|iPhone.Build.0 = Debug|Any CPU
		{2882AEEB-D4CD-4EB9-8A6C-6653B33681F0}.AppStore|iPhoneSimulator.ActiveCfg = Debug|Any CPU
		{2882AEEB-D4CD-4EB9-8A6C-6653B33681F0}.AppStore|iPhoneSimulator.Build.0 = Debug|Any CPU
		{2882AEEB-D4CD-4EB9-8A6C-6653B33681F0}.AppStore|x64.ActiveCfg = Release|Any CPU
		{2882AEEB-D4CD-4EB9-8A6C-6653B33681F0}.AppStore|x64.Build.0 = Release|Any CPU
		{2882AEEB-D4CD-4EB9-8A6C-6653B33681F0}.AppStore|x86.ActiveCfg = Release|Any CPU
		{2882AEEB-D4CD-4EB9-8A6C-6653B33681F0}.AppStore|x86.Build.0 = Release|Any CPU
		{2882AEEB-D4CD-4EB9-8A6C-6653B33681F0}.Debug|Any CPU.ActiveCfg = Debug|Any CPU
		{2882AEEB-D4CD-4EB9-8A6C-6653B33681F0}.Debug|Any CPU.Build.0 = Debug|Any CPU
		{2882AEEB-D4CD-4EB9-8A6C-6653B33681F0}.Debug|ARM.ActiveCfg = Debug|Any CPU
		{2882AEEB-D4CD-4EB9-8A6C-6653B33681F0}.Debug|ARM.Build.0 = Debug|Any CPU
		{2882AEEB-D4CD-4EB9-8A6C-6653B33681F0}.Debug|iPhone.ActiveCfg = Debug|Any CPU
		{2882AEEB-D4CD-4EB9-8A6C-6653B33681F0}.Debug|iPhone.Build.0 = Debug|Any CPU
		{2882AEEB-D4CD-4EB9-8A6C-6653B33681F0}.Debug|iPhoneSimulator.ActiveCfg = Debug|Any CPU
		{2882AEEB-D4CD-4EB9-8A6C-6653B33681F0}.Debug|iPhoneSimulator.Build.0 = Debug|Any CPU
		{2882AEEB-D4CD-4EB9-8A6C-6653B33681F0}.Debug|x64.ActiveCfg = Debug|Any CPU
		{2882AEEB-D4CD-4EB9-8A6C-6653B33681F0}.Debug|x64.Build.0 = Debug|Any CPU
		{2882AEEB-D4CD-4EB9-8A6C-6653B33681F0}.Debug|x86.ActiveCfg = Debug|Any CPU
		{2882AEEB-D4CD-4EB9-8A6C-6653B33681F0}.Debug|x86.Build.0 = Debug|Any CPU
		{2882AEEB-D4CD-4EB9-8A6C-6653B33681F0}.Release|Any CPU.ActiveCfg = Release|Any CPU
		{2882AEEB-D4CD-4EB9-8A6C-6653B33681F0}.Release|Any CPU.Build.0 = Release|Any CPU
		{2882AEEB-D4CD-4EB9-8A6C-6653B33681F0}.Release|ARM.ActiveCfg = Release|Any CPU
		{2882AEEB-D4CD-4EB9-8A6C-6653B33681F0}.Release|ARM.Build.0 = Release|Any CPU
		{2882AEEB-D4CD-4EB9-8A6C-6653B33681F0}.Release|iPhone.ActiveCfg = Release|Any CPU
		{2882AEEB-D4CD-4EB9-8A6C-6653B33681F0}.Release|iPhone.Build.0 = Release|Any CPU
		{2882AEEB-D4CD-4EB9-8A6C-6653B33681F0}.Release|iPhoneSimulator.ActiveCfg = Release|Any CPU
		{2882AEEB-D4CD-4EB9-8A6C-6653B33681F0}.Release|iPhoneSimulator.Build.0 = Release|Any CPU
		{2882AEEB-D4CD-4EB9-8A6C-6653B33681F0}.Release|x64.ActiveCfg = Release|Any CPU
		{2882AEEB-D4CD-4EB9-8A6C-6653B33681F0}.Release|x64.Build.0 = Release|Any CPU
		{2882AEEB-D4CD-4EB9-8A6C-6653B33681F0}.Release|x86.ActiveCfg = Release|Any CPU
		{2882AEEB-D4CD-4EB9-8A6C-6653B33681F0}.Release|x86.Build.0 = Release|Any CPU
		{56A56F17-7DE1-4CA1-9617-BF32E971AC84}.Ad-Hoc|Any CPU.ActiveCfg = Debug|Any CPU
		{56A56F17-7DE1-4CA1-9617-BF32E971AC84}.Ad-Hoc|Any CPU.Build.0 = Debug|Any CPU
		{56A56F17-7DE1-4CA1-9617-BF32E971AC84}.Ad-Hoc|ARM.ActiveCfg = Debug|Any CPU
		{56A56F17-7DE1-4CA1-9617-BF32E971AC84}.Ad-Hoc|ARM.Build.0 = Debug|Any CPU
		{56A56F17-7DE1-4CA1-9617-BF32E971AC84}.Ad-Hoc|iPhone.ActiveCfg = Debug|Any CPU
		{56A56F17-7DE1-4CA1-9617-BF32E971AC84}.Ad-Hoc|iPhone.Build.0 = Debug|Any CPU
		{56A56F17-7DE1-4CA1-9617-BF32E971AC84}.Ad-Hoc|iPhoneSimulator.ActiveCfg = Debug|Any CPU
		{56A56F17-7DE1-4CA1-9617-BF32E971AC84}.Ad-Hoc|iPhoneSimulator.Build.0 = Debug|Any CPU
		{56A56F17-7DE1-4CA1-9617-BF32E971AC84}.Ad-Hoc|x64.ActiveCfg = Debug|Any CPU
		{56A56F17-7DE1-4CA1-9617-BF32E971AC84}.Ad-Hoc|x64.Build.0 = Debug|Any CPU
		{56A56F17-7DE1-4CA1-9617-BF32E971AC84}.Ad-Hoc|x86.ActiveCfg = Debug|Any CPU
		{56A56F17-7DE1-4CA1-9617-BF32E971AC84}.Ad-Hoc|x86.Build.0 = Debug|Any CPU
		{56A56F17-7DE1-4CA1-9617-BF32E971AC84}.AppStore|Any CPU.ActiveCfg = Release|Any CPU
		{56A56F17-7DE1-4CA1-9617-BF32E971AC84}.AppStore|Any CPU.Build.0 = Release|Any CPU
		{56A56F17-7DE1-4CA1-9617-BF32E971AC84}.AppStore|ARM.ActiveCfg = Release|Any CPU
		{56A56F17-7DE1-4CA1-9617-BF32E971AC84}.AppStore|ARM.Build.0 = Release|Any CPU
		{56A56F17-7DE1-4CA1-9617-BF32E971AC84}.AppStore|iPhone.ActiveCfg = Debug|Any CPU
		{56A56F17-7DE1-4CA1-9617-BF32E971AC84}.AppStore|iPhone.Build.0 = Debug|Any CPU
		{56A56F17-7DE1-4CA1-9617-BF32E971AC84}.AppStore|iPhoneSimulator.ActiveCfg = Debug|Any CPU
		{56A56F17-7DE1-4CA1-9617-BF32E971AC84}.AppStore|iPhoneSimulator.Build.0 = Debug|Any CPU
		{56A56F17-7DE1-4CA1-9617-BF32E971AC84}.AppStore|x64.ActiveCfg = Release|Any CPU
		{56A56F17-7DE1-4CA1-9617-BF32E971AC84}.AppStore|x64.Build.0 = Release|Any CPU
		{56A56F17-7DE1-4CA1-9617-BF32E971AC84}.AppStore|x86.ActiveCfg = Release|Any CPU
		{56A56F17-7DE1-4CA1-9617-BF32E971AC84}.AppStore|x86.Build.0 = Release|Any CPU
		{56A56F17-7DE1-4CA1-9617-BF32E971AC84}.Debug|Any CPU.ActiveCfg = Debug|Any CPU
		{56A56F17-7DE1-4CA1-9617-BF32E971AC84}.Debug|Any CPU.Build.0 = Debug|Any CPU
		{56A56F17-7DE1-4CA1-9617-BF32E971AC84}.Debug|ARM.ActiveCfg = Debug|Any CPU
		{56A56F17-7DE1-4CA1-9617-BF32E971AC84}.Debug|ARM.Build.0 = Debug|Any CPU
		{56A56F17-7DE1-4CA1-9617-BF32E971AC84}.Debug|iPhone.ActiveCfg = Debug|Any CPU
		{56A56F17-7DE1-4CA1-9617-BF32E971AC84}.Debug|iPhone.Build.0 = Debug|Any CPU
		{56A56F17-7DE1-4CA1-9617-BF32E971AC84}.Debug|iPhoneSimulator.ActiveCfg = Debug|Any CPU
		{56A56F17-7DE1-4CA1-9617-BF32E971AC84}.Debug|iPhoneSimulator.Build.0 = Debug|Any CPU
		{56A56F17-7DE1-4CA1-9617-BF32E971AC84}.Debug|x64.ActiveCfg = Debug|Any CPU
		{56A56F17-7DE1-4CA1-9617-BF32E971AC84}.Debug|x64.Build.0 = Debug|Any CPU
		{56A56F17-7DE1-4CA1-9617-BF32E971AC84}.Debug|x86.ActiveCfg = Debug|Any CPU
		{56A56F17-7DE1-4CA1-9617-BF32E971AC84}.Debug|x86.Build.0 = Debug|Any CPU
		{56A56F17-7DE1-4CA1-9617-BF32E971AC84}.Release|Any CPU.ActiveCfg = Release|Any CPU
		{56A56F17-7DE1-4CA1-9617-BF32E971AC84}.Release|Any CPU.Build.0 = Release|Any CPU
		{56A56F17-7DE1-4CA1-9617-BF32E971AC84}.Release|ARM.ActiveCfg = Release|Any CPU
		{56A56F17-7DE1-4CA1-9617-BF32E971AC84}.Release|ARM.Build.0 = Release|Any CPU
		{56A56F17-7DE1-4CA1-9617-BF32E971AC84}.Release|iPhone.ActiveCfg = Release|Any CPU
		{56A56F17-7DE1-4CA1-9617-BF32E971AC84}.Release|iPhone.Build.0 = Release|Any CPU
		{56A56F17-7DE1-4CA1-9617-BF32E971AC84}.Release|iPhoneSimulator.ActiveCfg = Release|Any CPU
		{56A56F17-7DE1-4CA1-9617-BF32E971AC84}.Release|iPhoneSimulator.Build.0 = Release|Any CPU
		{56A56F17-7DE1-4CA1-9617-BF32E971AC84}.Release|x64.ActiveCfg = Release|Any CPU
		{56A56F17-7DE1-4CA1-9617-BF32E971AC84}.Release|x64.Build.0 = Release|Any CPU
		{56A56F17-7DE1-4CA1-9617-BF32E971AC84}.Release|x86.ActiveCfg = Release|Any CPU
		{56A56F17-7DE1-4CA1-9617-BF32E971AC84}.Release|x86.Build.0 = Release|Any CPU
		{ED9A4CA1-C04C-457D-9A2E-7995CCF12356}.Ad-Hoc|Any CPU.ActiveCfg = Debug|Any CPU
		{ED9A4CA1-C04C-457D-9A2E-7995CCF12356}.Ad-Hoc|ARM.ActiveCfg = Debug|ARM
		{ED9A4CA1-C04C-457D-9A2E-7995CCF12356}.Ad-Hoc|iPhone.ActiveCfg = Debug|Any CPU
		{ED9A4CA1-C04C-457D-9A2E-7995CCF12356}.Ad-Hoc|iPhoneSimulator.ActiveCfg = Debug|Any CPU
		{ED9A4CA1-C04C-457D-9A2E-7995CCF12356}.Ad-Hoc|x64.ActiveCfg = Debug|x64
		{ED9A4CA1-C04C-457D-9A2E-7995CCF12356}.Ad-Hoc|x86.ActiveCfg = Debug|x86
		{ED9A4CA1-C04C-457D-9A2E-7995CCF12356}.AppStore|Any CPU.ActiveCfg = Release|Any CPU
		{ED9A4CA1-C04C-457D-9A2E-7995CCF12356}.AppStore|Any CPU.Build.0 = Release|Any CPU
		{ED9A4CA1-C04C-457D-9A2E-7995CCF12356}.AppStore|ARM.ActiveCfg = Release|ARM
		{ED9A4CA1-C04C-457D-9A2E-7995CCF12356}.AppStore|ARM.Build.0 = Release|ARM
		{ED9A4CA1-C04C-457D-9A2E-7995CCF12356}.AppStore|iPhone.ActiveCfg = Debug|Any CPU
		{ED9A4CA1-C04C-457D-9A2E-7995CCF12356}.AppStore|iPhoneSimulator.ActiveCfg = Debug|Any CPU
		{ED9A4CA1-C04C-457D-9A2E-7995CCF12356}.AppStore|x64.ActiveCfg = Release|x64
		{ED9A4CA1-C04C-457D-9A2E-7995CCF12356}.AppStore|x64.Build.0 = Release|x64
		{ED9A4CA1-C04C-457D-9A2E-7995CCF12356}.AppStore|x86.ActiveCfg = Release|x86
		{ED9A4CA1-C04C-457D-9A2E-7995CCF12356}.AppStore|x86.Build.0 = Release|x86
		{ED9A4CA1-C04C-457D-9A2E-7995CCF12356}.Debug|Any CPU.ActiveCfg = Debug|Any CPU
		{ED9A4CA1-C04C-457D-9A2E-7995CCF12356}.Debug|Any CPU.Build.0 = Debug|Any CPU
		{ED9A4CA1-C04C-457D-9A2E-7995CCF12356}.Debug|ARM.ActiveCfg = Debug|ARM
		{ED9A4CA1-C04C-457D-9A2E-7995CCF12356}.Debug|ARM.Build.0 = Debug|ARM
		{ED9A4CA1-C04C-457D-9A2E-7995CCF12356}.Debug|iPhone.ActiveCfg = Debug|Any CPU
		{ED9A4CA1-C04C-457D-9A2E-7995CCF12356}.Debug|iPhoneSimulator.ActiveCfg = Debug|Any CPU
		{ED9A4CA1-C04C-457D-9A2E-7995CCF12356}.Debug|x64.ActiveCfg = Debug|x64
		{ED9A4CA1-C04C-457D-9A2E-7995CCF12356}.Debug|x64.Build.0 = Debug|x64
		{ED9A4CA1-C04C-457D-9A2E-7995CCF12356}.Debug|x86.ActiveCfg = Debug|x86
		{ED9A4CA1-C04C-457D-9A2E-7995CCF12356}.Debug|x86.Build.0 = Debug|x86
		{ED9A4CA1-C04C-457D-9A2E-7995CCF12356}.Release|Any CPU.ActiveCfg = Release|Any CPU
		{ED9A4CA1-C04C-457D-9A2E-7995CCF12356}.Release|Any CPU.Build.0 = Release|Any CPU
		{ED9A4CA1-C04C-457D-9A2E-7995CCF12356}.Release|ARM.ActiveCfg = Release|ARM
		{ED9A4CA1-C04C-457D-9A2E-7995CCF12356}.Release|ARM.Build.0 = Release|ARM
		{ED9A4CA1-C04C-457D-9A2E-7995CCF12356}.Release|iPhone.ActiveCfg = Release|Any CPU
		{ED9A4CA1-C04C-457D-9A2E-7995CCF12356}.Release|iPhoneSimulator.ActiveCfg = Release|Any CPU
		{ED9A4CA1-C04C-457D-9A2E-7995CCF12356}.Release|x64.ActiveCfg = Release|x64
		{ED9A4CA1-C04C-457D-9A2E-7995CCF12356}.Release|x64.Build.0 = Release|x64
		{ED9A4CA1-C04C-457D-9A2E-7995CCF12356}.Release|x86.ActiveCfg = Release|x86
		{ED9A4CA1-C04C-457D-9A2E-7995CCF12356}.Release|x86.Build.0 = Release|x86
		{C1E6D43D-38EB-4673-A9AA-8B1116CE9C10}.Ad-Hoc|Any CPU.ActiveCfg = Debug|Any CPU
		{C1E6D43D-38EB-4673-A9AA-8B1116CE9C10}.Ad-Hoc|ARM.ActiveCfg = Debug|Any CPU
		{C1E6D43D-38EB-4673-A9AA-8B1116CE9C10}.Ad-Hoc|iPhone.ActiveCfg = Debug|Any CPU
		{C1E6D43D-38EB-4673-A9AA-8B1116CE9C10}.Ad-Hoc|iPhoneSimulator.ActiveCfg = Debug|Any CPU
		{C1E6D43D-38EB-4673-A9AA-8B1116CE9C10}.Ad-Hoc|x64.ActiveCfg = Debug|Any CPU
		{C1E6D43D-38EB-4673-A9AA-8B1116CE9C10}.Ad-Hoc|x86.ActiveCfg = Debug|Any CPU
		{C1E6D43D-38EB-4673-A9AA-8B1116CE9C10}.AppStore|Any CPU.ActiveCfg = Release|Any CPU
		{C1E6D43D-38EB-4673-A9AA-8B1116CE9C10}.AppStore|Any CPU.Build.0 = Release|Any CPU
		{C1E6D43D-38EB-4673-A9AA-8B1116CE9C10}.AppStore|ARM.ActiveCfg = Release|Any CPU
		{C1E6D43D-38EB-4673-A9AA-8B1116CE9C10}.AppStore|ARM.Build.0 = Release|Any CPU
		{C1E6D43D-38EB-4673-A9AA-8B1116CE9C10}.AppStore|iPhone.ActiveCfg = Debug|Any CPU
		{C1E6D43D-38EB-4673-A9AA-8B1116CE9C10}.AppStore|iPhoneSimulator.ActiveCfg = Debug|Any CPU
		{C1E6D43D-38EB-4673-A9AA-8B1116CE9C10}.AppStore|x64.ActiveCfg = Release|Any CPU
		{C1E6D43D-38EB-4673-A9AA-8B1116CE9C10}.AppStore|x64.Build.0 = Release|Any CPU
		{C1E6D43D-38EB-4673-A9AA-8B1116CE9C10}.AppStore|x86.ActiveCfg = Release|Any CPU
		{C1E6D43D-38EB-4673-A9AA-8B1116CE9C10}.AppStore|x86.Build.0 = Release|Any CPU
		{C1E6D43D-38EB-4673-A9AA-8B1116CE9C10}.Debug|Any CPU.ActiveCfg = Debug|Any CPU
		{C1E6D43D-38EB-4673-A9AA-8B1116CE9C10}.Debug|Any CPU.Build.0 = Debug|Any CPU
		{C1E6D43D-38EB-4673-A9AA-8B1116CE9C10}.Debug|ARM.ActiveCfg = Debug|Any CPU
		{C1E6D43D-38EB-4673-A9AA-8B1116CE9C10}.Debug|ARM.Build.0 = Debug|Any CPU
		{C1E6D43D-38EB-4673-A9AA-8B1116CE9C10}.Debug|iPhone.ActiveCfg = Debug|Any CPU
		{C1E6D43D-38EB-4673-A9AA-8B1116CE9C10}.Debug|iPhoneSimulator.ActiveCfg = Debug|Any CPU
		{C1E6D43D-38EB-4673-A9AA-8B1116CE9C10}.Debug|x64.ActiveCfg = Debug|Any CPU
		{C1E6D43D-38EB-4673-A9AA-8B1116CE9C10}.Debug|x64.Build.0 = Debug|Any CPU
		{C1E6D43D-38EB-4673-A9AA-8B1116CE9C10}.Debug|x86.ActiveCfg = Debug|Any CPU
		{C1E6D43D-38EB-4673-A9AA-8B1116CE9C10}.Debug|x86.Build.0 = Debug|Any CPU
		{C1E6D43D-38EB-4673-A9AA-8B1116CE9C10}.Release|Any CPU.ActiveCfg = Release|Any CPU
		{C1E6D43D-38EB-4673-A9AA-8B1116CE9C10}.Release|Any CPU.Build.0 = Release|Any CPU
		{C1E6D43D-38EB-4673-A9AA-8B1116CE9C10}.Release|ARM.ActiveCfg = Release|Any CPU
		{C1E6D43D-38EB-4673-A9AA-8B1116CE9C10}.Release|ARM.Build.0 = Release|Any CPU
		{C1E6D43D-38EB-4673-A9AA-8B1116CE9C10}.Release|iPhone.ActiveCfg = Release|Any CPU
		{C1E6D43D-38EB-4673-A9AA-8B1116CE9C10}.Release|iPhoneSimulator.ActiveCfg = Release|Any CPU
		{C1E6D43D-38EB-4673-A9AA-8B1116CE9C10}.Release|x64.ActiveCfg = Release|Any CPU
		{C1E6D43D-38EB-4673-A9AA-8B1116CE9C10}.Release|x64.Build.0 = Release|Any CPU
		{C1E6D43D-38EB-4673-A9AA-8B1116CE9C10}.Release|x86.ActiveCfg = Release|Any CPU
		{C1E6D43D-38EB-4673-A9AA-8B1116CE9C10}.Release|x86.Build.0 = Release|Any CPU
		{5876144B-47DD-4C4E-B421-BC03F191B996}.Ad-Hoc|Any CPU.ActiveCfg = Debug|Any CPU
		{5876144B-47DD-4C4E-B421-BC03F191B996}.Ad-Hoc|ARM.ActiveCfg = Debug|ARM
		{5876144B-47DD-4C4E-B421-BC03F191B996}.Ad-Hoc|iPhone.ActiveCfg = Debug|Any CPU
		{5876144B-47DD-4C4E-B421-BC03F191B996}.Ad-Hoc|iPhoneSimulator.ActiveCfg = Debug|Any CPU
		{5876144B-47DD-4C4E-B421-BC03F191B996}.Ad-Hoc|x64.ActiveCfg = Debug|Any CPU
		{5876144B-47DD-4C4E-B421-BC03F191B996}.Ad-Hoc|x86.ActiveCfg = Debug|x86
		{5876144B-47DD-4C4E-B421-BC03F191B996}.AppStore|Any CPU.ActiveCfg = Release|Any CPU
		{5876144B-47DD-4C4E-B421-BC03F191B996}.AppStore|Any CPU.Build.0 = Release|Any CPU
		{5876144B-47DD-4C4E-B421-BC03F191B996}.AppStore|ARM.ActiveCfg = Release|ARM
		{5876144B-47DD-4C4E-B421-BC03F191B996}.AppStore|ARM.Build.0 = Release|ARM
		{5876144B-47DD-4C4E-B421-BC03F191B996}.AppStore|iPhone.ActiveCfg = Debug|Any CPU
		{5876144B-47DD-4C4E-B421-BC03F191B996}.AppStore|iPhoneSimulator.ActiveCfg = Debug|Any CPU
		{5876144B-47DD-4C4E-B421-BC03F191B996}.AppStore|x64.ActiveCfg = Release|Any CPU
		{5876144B-47DD-4C4E-B421-BC03F191B996}.AppStore|x64.Build.0 = Release|Any CPU
		{5876144B-47DD-4C4E-B421-BC03F191B996}.AppStore|x86.ActiveCfg = Release|x86
		{5876144B-47DD-4C4E-B421-BC03F191B996}.AppStore|x86.Build.0 = Release|x86
		{5876144B-47DD-4C4E-B421-BC03F191B996}.Debug|Any CPU.ActiveCfg = Debug|Any CPU
		{5876144B-47DD-4C4E-B421-BC03F191B996}.Debug|Any CPU.Build.0 = Debug|Any CPU
		{5876144B-47DD-4C4E-B421-BC03F191B996}.Debug|ARM.ActiveCfg = Debug|ARM
		{5876144B-47DD-4C4E-B421-BC03F191B996}.Debug|ARM.Build.0 = Debug|ARM
		{5876144B-47DD-4C4E-B421-BC03F191B996}.Debug|iPhone.ActiveCfg = Debug|Any CPU
		{5876144B-47DD-4C4E-B421-BC03F191B996}.Debug|iPhoneSimulator.ActiveCfg = Debug|Any CPU
		{5876144B-47DD-4C4E-B421-BC03F191B996}.Debug|x64.ActiveCfg = Debug|Any CPU
		{5876144B-47DD-4C4E-B421-BC03F191B996}.Debug|x64.Build.0 = Debug|Any CPU
		{5876144B-47DD-4C4E-B421-BC03F191B996}.Debug|x86.ActiveCfg = Debug|x86
		{5876144B-47DD-4C4E-B421-BC03F191B996}.Debug|x86.Build.0 = Debug|x86
		{5876144B-47DD-4C4E-B421-BC03F191B996}.Release|Any CPU.ActiveCfg = Release|Any CPU
		{5876144B-47DD-4C4E-B421-BC03F191B996}.Release|Any CPU.Build.0 = Release|Any CPU
		{5876144B-47DD-4C4E-B421-BC03F191B996}.Release|ARM.ActiveCfg = Release|ARM
		{5876144B-47DD-4C4E-B421-BC03F191B996}.Release|ARM.Build.0 = Release|ARM
		{5876144B-47DD-4C4E-B421-BC03F191B996}.Release|iPhone.ActiveCfg = Release|Any CPU
		{5876144B-47DD-4C4E-B421-BC03F191B996}.Release|iPhoneSimulator.ActiveCfg = Release|Any CPU
		{5876144B-47DD-4C4E-B421-BC03F191B996}.Release|x64.ActiveCfg = Release|Any CPU
		{5876144B-47DD-4C4E-B421-BC03F191B996}.Release|x64.Build.0 = Release|Any CPU
		{5876144B-47DD-4C4E-B421-BC03F191B996}.Release|x86.ActiveCfg = Release|x86
		{5876144B-47DD-4C4E-B421-BC03F191B996}.Release|x86.Build.0 = Release|x86
		{7169373F-0B82-4E5D-9129-7CC3065B90FA}.Ad-Hoc|Any CPU.ActiveCfg = Debug|Any CPU
		{7169373F-0B82-4E5D-9129-7CC3065B90FA}.Ad-Hoc|ARM.ActiveCfg = Debug|ARM
		{7169373F-0B82-4E5D-9129-7CC3065B90FA}.Ad-Hoc|iPhone.ActiveCfg = Debug|Any CPU
		{7169373F-0B82-4E5D-9129-7CC3065B90FA}.Ad-Hoc|iPhoneSimulator.ActiveCfg = Debug|Any CPU
		{7169373F-0B82-4E5D-9129-7CC3065B90FA}.Ad-Hoc|x64.ActiveCfg = Debug|Any CPU
		{7169373F-0B82-4E5D-9129-7CC3065B90FA}.Ad-Hoc|x86.ActiveCfg = Debug|x86
		{7169373F-0B82-4E5D-9129-7CC3065B90FA}.AppStore|Any CPU.ActiveCfg = Release|Any CPU
		{7169373F-0B82-4E5D-9129-7CC3065B90FA}.AppStore|Any CPU.Build.0 = Release|Any CPU
		{7169373F-0B82-4E5D-9129-7CC3065B90FA}.AppStore|ARM.ActiveCfg = Release|ARM
		{7169373F-0B82-4E5D-9129-7CC3065B90FA}.AppStore|ARM.Build.0 = Release|ARM
		{7169373F-0B82-4E5D-9129-7CC3065B90FA}.AppStore|iPhone.ActiveCfg = Debug|Any CPU
		{7169373F-0B82-4E5D-9129-7CC3065B90FA}.AppStore|iPhoneSimulator.ActiveCfg = Debug|Any CPU
		{7169373F-0B82-4E5D-9129-7CC3065B90FA}.AppStore|x64.ActiveCfg = Release|Any CPU
		{7169373F-0B82-4E5D-9129-7CC3065B90FA}.AppStore|x64.Build.0 = Release|Any CPU
		{7169373F-0B82-4E5D-9129-7CC3065B90FA}.AppStore|x86.ActiveCfg = Release|x86
		{7169373F-0B82-4E5D-9129-7CC3065B90FA}.AppStore|x86.Build.0 = Release|x86
		{7169373F-0B82-4E5D-9129-7CC3065B90FA}.Debug|Any CPU.ActiveCfg = Debug|Any CPU
		{7169373F-0B82-4E5D-9129-7CC3065B90FA}.Debug|Any CPU.Build.0 = Debug|Any CPU
		{7169373F-0B82-4E5D-9129-7CC3065B90FA}.Debug|ARM.ActiveCfg = Debug|ARM
		{7169373F-0B82-4E5D-9129-7CC3065B90FA}.Debug|ARM.Build.0 = Debug|ARM
		{7169373F-0B82-4E5D-9129-7CC3065B90FA}.Debug|iPhone.ActiveCfg = Debug|Any CPU
		{7169373F-0B82-4E5D-9129-7CC3065B90FA}.Debug|iPhoneSimulator.ActiveCfg = Debug|Any CPU
		{7169373F-0B82-4E5D-9129-7CC3065B90FA}.Debug|x64.ActiveCfg = Debug|Any CPU
		{7169373F-0B82-4E5D-9129-7CC3065B90FA}.Debug|x64.Build.0 = Debug|Any CPU
		{7169373F-0B82-4E5D-9129-7CC3065B90FA}.Debug|x86.ActiveCfg = Debug|x86
		{7169373F-0B82-4E5D-9129-7CC3065B90FA}.Debug|x86.Build.0 = Debug|x86
		{7169373F-0B82-4E5D-9129-7CC3065B90FA}.Release|Any CPU.ActiveCfg = Release|Any CPU
		{7169373F-0B82-4E5D-9129-7CC3065B90FA}.Release|Any CPU.Build.0 = Release|Any CPU
		{7169373F-0B82-4E5D-9129-7CC3065B90FA}.Release|ARM.ActiveCfg = Release|ARM
		{7169373F-0B82-4E5D-9129-7CC3065B90FA}.Release|ARM.Build.0 = Release|ARM
		{7169373F-0B82-4E5D-9129-7CC3065B90FA}.Release|iPhone.ActiveCfg = Release|Any CPU
		{7169373F-0B82-4E5D-9129-7CC3065B90FA}.Release|iPhoneSimulator.ActiveCfg = Release|Any CPU
		{7169373F-0B82-4E5D-9129-7CC3065B90FA}.Release|x64.ActiveCfg = Release|Any CPU
		{7169373F-0B82-4E5D-9129-7CC3065B90FA}.Release|x64.Build.0 = Release|Any CPU
		{7169373F-0B82-4E5D-9129-7CC3065B90FA}.Release|x86.ActiveCfg = Release|x86
		{7169373F-0B82-4E5D-9129-7CC3065B90FA}.Release|x86.Build.0 = Release|x86
		{E34B516D-C0D8-450F-9DB0-BB6A5B04AEF1}.Ad-Hoc|Any CPU.ActiveCfg = Debug|Any CPU
		{E34B516D-C0D8-450F-9DB0-BB6A5B04AEF1}.Ad-Hoc|ARM.ActiveCfg = Debug|ARM
		{E34B516D-C0D8-450F-9DB0-BB6A5B04AEF1}.Ad-Hoc|iPhone.ActiveCfg = Debug|Any CPU
		{E34B516D-C0D8-450F-9DB0-BB6A5B04AEF1}.Ad-Hoc|iPhoneSimulator.ActiveCfg = Debug|Any CPU
		{E34B516D-C0D8-450F-9DB0-BB6A5B04AEF1}.Ad-Hoc|x64.ActiveCfg = Debug|x64
		{E34B516D-C0D8-450F-9DB0-BB6A5B04AEF1}.Ad-Hoc|x86.ActiveCfg = Debug|x86
		{E34B516D-C0D8-450F-9DB0-BB6A5B04AEF1}.AppStore|Any CPU.ActiveCfg = Release|Any CPU
		{E34B516D-C0D8-450F-9DB0-BB6A5B04AEF1}.AppStore|Any CPU.Build.0 = Release|Any CPU
		{E34B516D-C0D8-450F-9DB0-BB6A5B04AEF1}.AppStore|ARM.ActiveCfg = Release|ARM
		{E34B516D-C0D8-450F-9DB0-BB6A5B04AEF1}.AppStore|ARM.Build.0 = Release|ARM
		{E34B516D-C0D8-450F-9DB0-BB6A5B04AEF1}.AppStore|iPhone.ActiveCfg = Debug|Any CPU
		{E34B516D-C0D8-450F-9DB0-BB6A5B04AEF1}.AppStore|iPhoneSimulator.ActiveCfg = Debug|Any CPU
		{E34B516D-C0D8-450F-9DB0-BB6A5B04AEF1}.AppStore|x64.ActiveCfg = Release|x64
		{E34B516D-C0D8-450F-9DB0-BB6A5B04AEF1}.AppStore|x64.Build.0 = Release|x64
		{E34B516D-C0D8-450F-9DB0-BB6A5B04AEF1}.AppStore|x86.ActiveCfg = Release|x86
		{E34B516D-C0D8-450F-9DB0-BB6A5B04AEF1}.AppStore|x86.Build.0 = Release|x86
		{E34B516D-C0D8-450F-9DB0-BB6A5B04AEF1}.Debug|Any CPU.ActiveCfg = Debug|Any CPU
		{E34B516D-C0D8-450F-9DB0-BB6A5B04AEF1}.Debug|Any CPU.Build.0 = Debug|Any CPU
		{E34B516D-C0D8-450F-9DB0-BB6A5B04AEF1}.Debug|ARM.ActiveCfg = Debug|ARM
		{E34B516D-C0D8-450F-9DB0-BB6A5B04AEF1}.Debug|ARM.Build.0 = Debug|ARM
		{E34B516D-C0D8-450F-9DB0-BB6A5B04AEF1}.Debug|iPhone.ActiveCfg = Debug|Any CPU
		{E34B516D-C0D8-450F-9DB0-BB6A5B04AEF1}.Debug|iPhoneSimulator.ActiveCfg = Debug|Any CPU
		{E34B516D-C0D8-450F-9DB0-BB6A5B04AEF1}.Debug|x64.ActiveCfg = Debug|x64
		{E34B516D-C0D8-450F-9DB0-BB6A5B04AEF1}.Debug|x64.Build.0 = Debug|x64
		{E34B516D-C0D8-450F-9DB0-BB6A5B04AEF1}.Debug|x86.ActiveCfg = Debug|x86
		{E34B516D-C0D8-450F-9DB0-BB6A5B04AEF1}.Debug|x86.Build.0 = Debug|x86
		{E34B516D-C0D8-450F-9DB0-BB6A5B04AEF1}.Release|Any CPU.ActiveCfg = Release|Any CPU
		{E34B516D-C0D8-450F-9DB0-BB6A5B04AEF1}.Release|Any CPU.Build.0 = Release|Any CPU
		{E34B516D-C0D8-450F-9DB0-BB6A5B04AEF1}.Release|ARM.ActiveCfg = Release|ARM
		{E34B516D-C0D8-450F-9DB0-BB6A5B04AEF1}.Release|ARM.Build.0 = Release|ARM
		{E34B516D-C0D8-450F-9DB0-BB6A5B04AEF1}.Release|iPhone.ActiveCfg = Release|Any CPU
		{E34B516D-C0D8-450F-9DB0-BB6A5B04AEF1}.Release|iPhoneSimulator.ActiveCfg = Release|Any CPU
		{E34B516D-C0D8-450F-9DB0-BB6A5B04AEF1}.Release|x64.ActiveCfg = Release|x64
		{E34B516D-C0D8-450F-9DB0-BB6A5B04AEF1}.Release|x64.Build.0 = Release|x64
		{E34B516D-C0D8-450F-9DB0-BB6A5B04AEF1}.Release|x86.ActiveCfg = Release|x86
		{E34B516D-C0D8-450F-9DB0-BB6A5B04AEF1}.Release|x86.Build.0 = Release|x86
		{DE2DBC59-B397-46C0-8B76-7735E6BFD51E}.Ad-Hoc|Any CPU.ActiveCfg = Release|Any CPU
		{DE2DBC59-B397-46C0-8B76-7735E6BFD51E}.Ad-Hoc|Any CPU.Build.0 = Release|Any CPU
		{DE2DBC59-B397-46C0-8B76-7735E6BFD51E}.Ad-Hoc|Any CPU.Deploy.0 = Release|Any CPU
		{DE2DBC59-B397-46C0-8B76-7735E6BFD51E}.Ad-Hoc|ARM.ActiveCfg = Release|Any CPU
		{DE2DBC59-B397-46C0-8B76-7735E6BFD51E}.Ad-Hoc|ARM.Build.0 = Release|Any CPU
		{DE2DBC59-B397-46C0-8B76-7735E6BFD51E}.Ad-Hoc|ARM.Deploy.0 = Release|Any CPU
		{DE2DBC59-B397-46C0-8B76-7735E6BFD51E}.Ad-Hoc|iPhone.ActiveCfg = Release|Any CPU
		{DE2DBC59-B397-46C0-8B76-7735E6BFD51E}.Ad-Hoc|iPhone.Build.0 = Release|Any CPU
		{DE2DBC59-B397-46C0-8B76-7735E6BFD51E}.Ad-Hoc|iPhone.Deploy.0 = Release|Any CPU
		{DE2DBC59-B397-46C0-8B76-7735E6BFD51E}.Ad-Hoc|iPhoneSimulator.ActiveCfg = Release|Any CPU
		{DE2DBC59-B397-46C0-8B76-7735E6BFD51E}.Ad-Hoc|iPhoneSimulator.Build.0 = Release|Any CPU
		{DE2DBC59-B397-46C0-8B76-7735E6BFD51E}.Ad-Hoc|iPhoneSimulator.Deploy.0 = Release|Any CPU
		{DE2DBC59-B397-46C0-8B76-7735E6BFD51E}.Ad-Hoc|x64.ActiveCfg = Release|Any CPU
		{DE2DBC59-B397-46C0-8B76-7735E6BFD51E}.Ad-Hoc|x64.Build.0 = Release|Any CPU
		{DE2DBC59-B397-46C0-8B76-7735E6BFD51E}.Ad-Hoc|x64.Deploy.0 = Release|Any CPU
		{DE2DBC59-B397-46C0-8B76-7735E6BFD51E}.Ad-Hoc|x86.ActiveCfg = Release|Any CPU
		{DE2DBC59-B397-46C0-8B76-7735E6BFD51E}.Ad-Hoc|x86.Build.0 = Release|Any CPU
		{DE2DBC59-B397-46C0-8B76-7735E6BFD51E}.Ad-Hoc|x86.Deploy.0 = Release|Any CPU
		{DE2DBC59-B397-46C0-8B76-7735E6BFD51E}.AppStore|Any CPU.ActiveCfg = Release|Any CPU
		{DE2DBC59-B397-46C0-8B76-7735E6BFD51E}.AppStore|Any CPU.Build.0 = Release|Any CPU
		{DE2DBC59-B397-46C0-8B76-7735E6BFD51E}.AppStore|Any CPU.Deploy.0 = Release|Any CPU
		{DE2DBC59-B397-46C0-8B76-7735E6BFD51E}.AppStore|ARM.ActiveCfg = Release|Any CPU
		{DE2DBC59-B397-46C0-8B76-7735E6BFD51E}.AppStore|ARM.Build.0 = Release|Any CPU
		{DE2DBC59-B397-46C0-8B76-7735E6BFD51E}.AppStore|ARM.Deploy.0 = Release|Any CPU
		{DE2DBC59-B397-46C0-8B76-7735E6BFD51E}.AppStore|iPhone.ActiveCfg = Release|Any CPU
		{DE2DBC59-B397-46C0-8B76-7735E6BFD51E}.AppStore|iPhone.Build.0 = Release|Any CPU
		{DE2DBC59-B397-46C0-8B76-7735E6BFD51E}.AppStore|iPhone.Deploy.0 = Release|Any CPU
		{DE2DBC59-B397-46C0-8B76-7735E6BFD51E}.AppStore|iPhoneSimulator.ActiveCfg = Release|Any CPU
		{DE2DBC59-B397-46C0-8B76-7735E6BFD51E}.AppStore|iPhoneSimulator.Build.0 = Release|Any CPU
		{DE2DBC59-B397-46C0-8B76-7735E6BFD51E}.AppStore|iPhoneSimulator.Deploy.0 = Release|Any CPU
		{DE2DBC59-B397-46C0-8B76-7735E6BFD51E}.AppStore|x64.ActiveCfg = Release|Any CPU
		{DE2DBC59-B397-46C0-8B76-7735E6BFD51E}.AppStore|x64.Build.0 = Release|Any CPU
		{DE2DBC59-B397-46C0-8B76-7735E6BFD51E}.AppStore|x64.Deploy.0 = Release|Any CPU
		{DE2DBC59-B397-46C0-8B76-7735E6BFD51E}.AppStore|x86.ActiveCfg = Release|Any CPU
		{DE2DBC59-B397-46C0-8B76-7735E6BFD51E}.AppStore|x86.Build.0 = Release|Any CPU
		{DE2DBC59-B397-46C0-8B76-7735E6BFD51E}.AppStore|x86.Deploy.0 = Release|Any CPU
		{DE2DBC59-B397-46C0-8B76-7735E6BFD51E}.Debug|Any CPU.ActiveCfg = Debug|Any CPU
		{DE2DBC59-B397-46C0-8B76-7735E6BFD51E}.Debug|Any CPU.Build.0 = Debug|Any CPU
		{DE2DBC59-B397-46C0-8B76-7735E6BFD51E}.Debug|Any CPU.Deploy.0 = Debug|Any CPU
		{DE2DBC59-B397-46C0-8B76-7735E6BFD51E}.Debug|ARM.ActiveCfg = Debug|Any CPU
		{DE2DBC59-B397-46C0-8B76-7735E6BFD51E}.Debug|ARM.Build.0 = Debug|Any CPU
		{DE2DBC59-B397-46C0-8B76-7735E6BFD51E}.Debug|ARM.Deploy.0 = Debug|Any CPU
		{DE2DBC59-B397-46C0-8B76-7735E6BFD51E}.Debug|iPhone.ActiveCfg = Debug|Any CPU
		{DE2DBC59-B397-46C0-8B76-7735E6BFD51E}.Debug|iPhone.Build.0 = Debug|Any CPU
		{DE2DBC59-B397-46C0-8B76-7735E6BFD51E}.Debug|iPhone.Deploy.0 = Debug|Any CPU
		{DE2DBC59-B397-46C0-8B76-7735E6BFD51E}.Debug|iPhoneSimulator.ActiveCfg = Debug|Any CPU
		{DE2DBC59-B397-46C0-8B76-7735E6BFD51E}.Debug|iPhoneSimulator.Build.0 = Debug|Any CPU
		{DE2DBC59-B397-46C0-8B76-7735E6BFD51E}.Debug|iPhoneSimulator.Deploy.0 = Debug|Any CPU
		{DE2DBC59-B397-46C0-8B76-7735E6BFD51E}.Debug|x64.ActiveCfg = Debug|Any CPU
		{DE2DBC59-B397-46C0-8B76-7735E6BFD51E}.Debug|x64.Build.0 = Debug|Any CPU
		{DE2DBC59-B397-46C0-8B76-7735E6BFD51E}.Debug|x64.Deploy.0 = Debug|Any CPU
		{DE2DBC59-B397-46C0-8B76-7735E6BFD51E}.Debug|x86.ActiveCfg = Debug|Any CPU
		{DE2DBC59-B397-46C0-8B76-7735E6BFD51E}.Debug|x86.Build.0 = Debug|Any CPU
		{DE2DBC59-B397-46C0-8B76-7735E6BFD51E}.Debug|x86.Deploy.0 = Debug|Any CPU
		{DE2DBC59-B397-46C0-8B76-7735E6BFD51E}.Release|Any CPU.ActiveCfg = Release|Any CPU
		{DE2DBC59-B397-46C0-8B76-7735E6BFD51E}.Release|Any CPU.Build.0 = Release|Any CPU
		{DE2DBC59-B397-46C0-8B76-7735E6BFD51E}.Release|Any CPU.Deploy.0 = Release|Any CPU
		{DE2DBC59-B397-46C0-8B76-7735E6BFD51E}.Release|ARM.ActiveCfg = Release|Any CPU
		{DE2DBC59-B397-46C0-8B76-7735E6BFD51E}.Release|ARM.Build.0 = Release|Any CPU
		{DE2DBC59-B397-46C0-8B76-7735E6BFD51E}.Release|ARM.Deploy.0 = Release|Any CPU
		{DE2DBC59-B397-46C0-8B76-7735E6BFD51E}.Release|iPhone.ActiveCfg = Release|Any CPU
		{DE2DBC59-B397-46C0-8B76-7735E6BFD51E}.Release|iPhone.Build.0 = Release|Any CPU
		{DE2DBC59-B397-46C0-8B76-7735E6BFD51E}.Release|iPhone.Deploy.0 = Release|Any CPU
		{DE2DBC59-B397-46C0-8B76-7735E6BFD51E}.Release|iPhoneSimulator.ActiveCfg = Release|Any CPU
		{DE2DBC59-B397-46C0-8B76-7735E6BFD51E}.Release|iPhoneSimulator.Build.0 = Release|Any CPU
		{DE2DBC59-B397-46C0-8B76-7735E6BFD51E}.Release|iPhoneSimulator.Deploy.0 = Release|Any CPU
		{DE2DBC59-B397-46C0-8B76-7735E6BFD51E}.Release|x64.ActiveCfg = Release|Any CPU
		{DE2DBC59-B397-46C0-8B76-7735E6BFD51E}.Release|x64.Build.0 = Release|Any CPU
		{DE2DBC59-B397-46C0-8B76-7735E6BFD51E}.Release|x64.Deploy.0 = Release|Any CPU
		{DE2DBC59-B397-46C0-8B76-7735E6BFD51E}.Release|x86.ActiveCfg = Release|Any CPU
		{DE2DBC59-B397-46C0-8B76-7735E6BFD51E}.Release|x86.Build.0 = Release|Any CPU
		{DE2DBC59-B397-46C0-8B76-7735E6BFD51E}.Release|x86.Deploy.0 = Release|Any CPU
		{DFF33968-A06A-497E-87AB-CCBB983E2B43}.Ad-Hoc|Any CPU.ActiveCfg = Release|Any CPU
		{DFF33968-A06A-497E-87AB-CCBB983E2B43}.Ad-Hoc|Any CPU.Build.0 = Release|Any CPU
		{DFF33968-A06A-497E-87AB-CCBB983E2B43}.Ad-Hoc|ARM.ActiveCfg = Release|Any CPU
		{DFF33968-A06A-497E-87AB-CCBB983E2B43}.Ad-Hoc|ARM.Build.0 = Release|Any CPU
		{DFF33968-A06A-497E-87AB-CCBB983E2B43}.Ad-Hoc|iPhone.ActiveCfg = Release|Any CPU
		{DFF33968-A06A-497E-87AB-CCBB983E2B43}.Ad-Hoc|iPhone.Build.0 = Release|Any CPU
		{DFF33968-A06A-497E-87AB-CCBB983E2B43}.Ad-Hoc|iPhoneSimulator.ActiveCfg = Release|Any CPU
		{DFF33968-A06A-497E-87AB-CCBB983E2B43}.Ad-Hoc|iPhoneSimulator.Build.0 = Release|Any CPU
		{DFF33968-A06A-497E-87AB-CCBB983E2B43}.Ad-Hoc|x64.ActiveCfg = Release|Any CPU
		{DFF33968-A06A-497E-87AB-CCBB983E2B43}.Ad-Hoc|x64.Build.0 = Release|Any CPU
		{DFF33968-A06A-497E-87AB-CCBB983E2B43}.Ad-Hoc|x86.ActiveCfg = Release|Any CPU
		{DFF33968-A06A-497E-87AB-CCBB983E2B43}.Ad-Hoc|x86.Build.0 = Release|Any CPU
		{DFF33968-A06A-497E-87AB-CCBB983E2B43}.AppStore|Any CPU.ActiveCfg = Release|Any CPU
		{DFF33968-A06A-497E-87AB-CCBB983E2B43}.AppStore|Any CPU.Build.0 = Release|Any CPU
		{DFF33968-A06A-497E-87AB-CCBB983E2B43}.AppStore|ARM.ActiveCfg = Release|Any CPU
		{DFF33968-A06A-497E-87AB-CCBB983E2B43}.AppStore|ARM.Build.0 = Release|Any CPU
		{DFF33968-A06A-497E-87AB-CCBB983E2B43}.AppStore|iPhone.ActiveCfg = Release|Any CPU
		{DFF33968-A06A-497E-87AB-CCBB983E2B43}.AppStore|iPhone.Build.0 = Release|Any CPU
		{DFF33968-A06A-497E-87AB-CCBB983E2B43}.AppStore|iPhoneSimulator.ActiveCfg = Release|Any CPU
		{DFF33968-A06A-497E-87AB-CCBB983E2B43}.AppStore|iPhoneSimulator.Build.0 = Release|Any CPU
		{DFF33968-A06A-497E-87AB-CCBB983E2B43}.AppStore|x64.ActiveCfg = Release|Any CPU
		{DFF33968-A06A-497E-87AB-CCBB983E2B43}.AppStore|x64.Build.0 = Release|Any CPU
		{DFF33968-A06A-497E-87AB-CCBB983E2B43}.AppStore|x86.ActiveCfg = Release|Any CPU
		{DFF33968-A06A-497E-87AB-CCBB983E2B43}.AppStore|x86.Build.0 = Release|Any CPU
		{DFF33968-A06A-497E-87AB-CCBB983E2B43}.Debug|Any CPU.ActiveCfg = Debug|Any CPU
		{DFF33968-A06A-497E-87AB-CCBB983E2B43}.Debug|Any CPU.Build.0 = Debug|Any CPU
		{DFF33968-A06A-497E-87AB-CCBB983E2B43}.Debug|ARM.ActiveCfg = Debug|Any CPU
		{DFF33968-A06A-497E-87AB-CCBB983E2B43}.Debug|ARM.Build.0 = Debug|Any CPU
		{DFF33968-A06A-497E-87AB-CCBB983E2B43}.Debug|iPhone.ActiveCfg = Debug|Any CPU
		{DFF33968-A06A-497E-87AB-CCBB983E2B43}.Debug|iPhone.Build.0 = Debug|Any CPU
		{DFF33968-A06A-497E-87AB-CCBB983E2B43}.Debug|iPhoneSimulator.ActiveCfg = Debug|Any CPU
		{DFF33968-A06A-497E-87AB-CCBB983E2B43}.Debug|iPhoneSimulator.Build.0 = Debug|Any CPU
		{DFF33968-A06A-497E-87AB-CCBB983E2B43}.Debug|x64.ActiveCfg = Debug|Any CPU
		{DFF33968-A06A-497E-87AB-CCBB983E2B43}.Debug|x64.Build.0 = Debug|Any CPU
		{DFF33968-A06A-497E-87AB-CCBB983E2B43}.Debug|x86.ActiveCfg = Debug|Any CPU
		{DFF33968-A06A-497E-87AB-CCBB983E2B43}.Debug|x86.Build.0 = Debug|Any CPU
		{DFF33968-A06A-497E-87AB-CCBB983E2B43}.Release|Any CPU.ActiveCfg = Release|Any CPU
		{DFF33968-A06A-497E-87AB-CCBB983E2B43}.Release|Any CPU.Build.0 = Release|Any CPU
		{DFF33968-A06A-497E-87AB-CCBB983E2B43}.Release|ARM.ActiveCfg = Release|Any CPU
		{DFF33968-A06A-497E-87AB-CCBB983E2B43}.Release|ARM.Build.0 = Release|Any CPU
		{DFF33968-A06A-497E-87AB-CCBB983E2B43}.Release|iPhone.ActiveCfg = Release|Any CPU
		{DFF33968-A06A-497E-87AB-CCBB983E2B43}.Release|iPhone.Build.0 = Release|Any CPU
		{DFF33968-A06A-497E-87AB-CCBB983E2B43}.Release|iPhoneSimulator.ActiveCfg = Release|Any CPU
		{DFF33968-A06A-497E-87AB-CCBB983E2B43}.Release|iPhoneSimulator.Build.0 = Release|Any CPU
		{DFF33968-A06A-497E-87AB-CCBB983E2B43}.Release|x64.ActiveCfg = Release|Any CPU
		{DFF33968-A06A-497E-87AB-CCBB983E2B43}.Release|x64.Build.0 = Release|Any CPU
		{DFF33968-A06A-497E-87AB-CCBB983E2B43}.Release|x86.ActiveCfg = Release|Any CPU
		{DFF33968-A06A-497E-87AB-CCBB983E2B43}.Release|x86.Build.0 = Release|Any CPU
		{CF333E13-FF99-48E6-B3FF-04471555007C}.Ad-Hoc|Any CPU.ActiveCfg = Release|x86
		{CF333E13-FF99-48E6-B3FF-04471555007C}.Ad-Hoc|Any CPU.Build.0 = Release|x86
		{CF333E13-FF99-48E6-B3FF-04471555007C}.Ad-Hoc|Any CPU.Deploy.0 = Release|x86
		{CF333E13-FF99-48E6-B3FF-04471555007C}.Ad-Hoc|ARM.ActiveCfg = Release|ARM
		{CF333E13-FF99-48E6-B3FF-04471555007C}.Ad-Hoc|ARM.Build.0 = Release|ARM
		{CF333E13-FF99-48E6-B3FF-04471555007C}.Ad-Hoc|ARM.Deploy.0 = Release|ARM
		{CF333E13-FF99-48E6-B3FF-04471555007C}.Ad-Hoc|iPhone.ActiveCfg = Release|x86
		{CF333E13-FF99-48E6-B3FF-04471555007C}.Ad-Hoc|iPhone.Build.0 = Release|x86
		{CF333E13-FF99-48E6-B3FF-04471555007C}.Ad-Hoc|iPhone.Deploy.0 = Release|x86
		{CF333E13-FF99-48E6-B3FF-04471555007C}.Ad-Hoc|iPhoneSimulator.ActiveCfg = Release|x86
		{CF333E13-FF99-48E6-B3FF-04471555007C}.Ad-Hoc|iPhoneSimulator.Build.0 = Release|x86
		{CF333E13-FF99-48E6-B3FF-04471555007C}.Ad-Hoc|iPhoneSimulator.Deploy.0 = Release|x86
		{CF333E13-FF99-48E6-B3FF-04471555007C}.Ad-Hoc|x64.ActiveCfg = Release|x64
		{CF333E13-FF99-48E6-B3FF-04471555007C}.Ad-Hoc|x64.Build.0 = Release|x64
		{CF333E13-FF99-48E6-B3FF-04471555007C}.Ad-Hoc|x64.Deploy.0 = Release|x64
		{CF333E13-FF99-48E6-B3FF-04471555007C}.Ad-Hoc|x86.ActiveCfg = Release|x86
		{CF333E13-FF99-48E6-B3FF-04471555007C}.Ad-Hoc|x86.Build.0 = Release|x86
		{CF333E13-FF99-48E6-B3FF-04471555007C}.Ad-Hoc|x86.Deploy.0 = Release|x86
		{CF333E13-FF99-48E6-B3FF-04471555007C}.AppStore|Any CPU.ActiveCfg = Release|x86
		{CF333E13-FF99-48E6-B3FF-04471555007C}.AppStore|Any CPU.Build.0 = Release|x86
		{CF333E13-FF99-48E6-B3FF-04471555007C}.AppStore|Any CPU.Deploy.0 = Release|x86
		{CF333E13-FF99-48E6-B3FF-04471555007C}.AppStore|ARM.ActiveCfg = Release|ARM
		{CF333E13-FF99-48E6-B3FF-04471555007C}.AppStore|ARM.Build.0 = Release|ARM
		{CF333E13-FF99-48E6-B3FF-04471555007C}.AppStore|ARM.Deploy.0 = Release|ARM
		{CF333E13-FF99-48E6-B3FF-04471555007C}.AppStore|iPhone.ActiveCfg = Release|x86
		{CF333E13-FF99-48E6-B3FF-04471555007C}.AppStore|iPhone.Build.0 = Release|x86
		{CF333E13-FF99-48E6-B3FF-04471555007C}.AppStore|iPhone.Deploy.0 = Release|x86
		{CF333E13-FF99-48E6-B3FF-04471555007C}.AppStore|iPhoneSimulator.ActiveCfg = Release|x86
		{CF333E13-FF99-48E6-B3FF-04471555007C}.AppStore|iPhoneSimulator.Build.0 = Release|x86
		{CF333E13-FF99-48E6-B3FF-04471555007C}.AppStore|iPhoneSimulator.Deploy.0 = Release|x86
		{CF333E13-FF99-48E6-B3FF-04471555007C}.AppStore|x64.ActiveCfg = Release|x64
		{CF333E13-FF99-48E6-B3FF-04471555007C}.AppStore|x64.Build.0 = Release|x64
		{CF333E13-FF99-48E6-B3FF-04471555007C}.AppStore|x64.Deploy.0 = Release|x64
		{CF333E13-FF99-48E6-B3FF-04471555007C}.AppStore|x86.ActiveCfg = Release|x86
		{CF333E13-FF99-48E6-B3FF-04471555007C}.AppStore|x86.Build.0 = Release|x86
		{CF333E13-FF99-48E6-B3FF-04471555007C}.AppStore|x86.Deploy.0 = Release|x86
		{CF333E13-FF99-48E6-B3FF-04471555007C}.Debug|Any CPU.ActiveCfg = Debug|x86
		{CF333E13-FF99-48E6-B3FF-04471555007C}.Debug|ARM.ActiveCfg = Debug|ARM
		{CF333E13-FF99-48E6-B3FF-04471555007C}.Debug|ARM.Build.0 = Debug|ARM
		{CF333E13-FF99-48E6-B3FF-04471555007C}.Debug|ARM.Deploy.0 = Debug|ARM
		{CF333E13-FF99-48E6-B3FF-04471555007C}.Debug|iPhone.ActiveCfg = Debug|x86
		{CF333E13-FF99-48E6-B3FF-04471555007C}.Debug|iPhoneSimulator.ActiveCfg = Debug|x86
		{CF333E13-FF99-48E6-B3FF-04471555007C}.Debug|x64.ActiveCfg = Debug|x64
		{CF333E13-FF99-48E6-B3FF-04471555007C}.Debug|x64.Build.0 = Debug|x64
		{CF333E13-FF99-48E6-B3FF-04471555007C}.Debug|x64.Deploy.0 = Debug|x64
		{CF333E13-FF99-48E6-B3FF-04471555007C}.Debug|x86.ActiveCfg = Debug|x86
		{CF333E13-FF99-48E6-B3FF-04471555007C}.Debug|x86.Build.0 = Debug|x86
		{CF333E13-FF99-48E6-B3FF-04471555007C}.Debug|x86.Deploy.0 = Debug|x86
		{CF333E13-FF99-48E6-B3FF-04471555007C}.Release|Any CPU.ActiveCfg = Release|x86
		{CF333E13-FF99-48E6-B3FF-04471555007C}.Release|ARM.ActiveCfg = Release|ARM
		{CF333E13-FF99-48E6-B3FF-04471555007C}.Release|ARM.Build.0 = Release|ARM
		{CF333E13-FF99-48E6-B3FF-04471555007C}.Release|ARM.Deploy.0 = Release|ARM
		{CF333E13-FF99-48E6-B3FF-04471555007C}.Release|iPhone.ActiveCfg = Release|x86
		{CF333E13-FF99-48E6-B3FF-04471555007C}.Release|iPhoneSimulator.ActiveCfg = Release|x86
		{CF333E13-FF99-48E6-B3FF-04471555007C}.Release|x64.ActiveCfg = Release|x64
		{CF333E13-FF99-48E6-B3FF-04471555007C}.Release|x64.Build.0 = Release|x64
		{CF333E13-FF99-48E6-B3FF-04471555007C}.Release|x64.Deploy.0 = Release|x64
		{CF333E13-FF99-48E6-B3FF-04471555007C}.Release|x86.ActiveCfg = Release|x86
		{CF333E13-FF99-48E6-B3FF-04471555007C}.Release|x86.Build.0 = Release|x86
		{CF333E13-FF99-48E6-B3FF-04471555007C}.Release|x86.Deploy.0 = Release|x86
		{E478A210-66FB-4BDE-9AA8-3D20DDFE4FCA}.Ad-Hoc|Any CPU.ActiveCfg = Ad-Hoc|iPhone
		{E478A210-66FB-4BDE-9AA8-3D20DDFE4FCA}.Ad-Hoc|ARM.ActiveCfg = Ad-Hoc|iPhone
		{E478A210-66FB-4BDE-9AA8-3D20DDFE4FCA}.Ad-Hoc|iPhone.ActiveCfg = Ad-Hoc|iPhone
		{E478A210-66FB-4BDE-9AA8-3D20DDFE4FCA}.Ad-Hoc|iPhone.Build.0 = Ad-Hoc|iPhone
		{E478A210-66FB-4BDE-9AA8-3D20DDFE4FCA}.Ad-Hoc|iPhoneSimulator.ActiveCfg = Ad-Hoc|iPhoneSimulator
		{E478A210-66FB-4BDE-9AA8-3D20DDFE4FCA}.Ad-Hoc|iPhoneSimulator.Build.0 = Ad-Hoc|iPhoneSimulator
		{E478A210-66FB-4BDE-9AA8-3D20DDFE4FCA}.Ad-Hoc|x64.ActiveCfg = Ad-Hoc|iPhone
		{E478A210-66FB-4BDE-9AA8-3D20DDFE4FCA}.Ad-Hoc|x86.ActiveCfg = Ad-Hoc|iPhone
		{E478A210-66FB-4BDE-9AA8-3D20DDFE4FCA}.AppStore|Any CPU.ActiveCfg = AppStore|iPhone
		{E478A210-66FB-4BDE-9AA8-3D20DDFE4FCA}.AppStore|ARM.ActiveCfg = AppStore|iPhone
		{E478A210-66FB-4BDE-9AA8-3D20DDFE4FCA}.AppStore|iPhone.ActiveCfg = AppStore|iPhone
		{E478A210-66FB-4BDE-9AA8-3D20DDFE4FCA}.AppStore|iPhone.Build.0 = AppStore|iPhone
		{E478A210-66FB-4BDE-9AA8-3D20DDFE4FCA}.AppStore|iPhoneSimulator.ActiveCfg = AppStore|iPhoneSimulator
		{E478A210-66FB-4BDE-9AA8-3D20DDFE4FCA}.AppStore|iPhoneSimulator.Build.0 = AppStore|iPhoneSimulator
		{E478A210-66FB-4BDE-9AA8-3D20DDFE4FCA}.AppStore|x64.ActiveCfg = AppStore|iPhone
		{E478A210-66FB-4BDE-9AA8-3D20DDFE4FCA}.AppStore|x86.ActiveCfg = AppStore|iPhone
		{E478A210-66FB-4BDE-9AA8-3D20DDFE4FCA}.Debug|Any CPU.ActiveCfg = Debug|iPhone
		{E478A210-66FB-4BDE-9AA8-3D20DDFE4FCA}.Debug|ARM.ActiveCfg = Debug|iPhone
		{E478A210-66FB-4BDE-9AA8-3D20DDFE4FCA}.Debug|iPhone.ActiveCfg = Debug|iPhone
		{E478A210-66FB-4BDE-9AA8-3D20DDFE4FCA}.Debug|iPhone.Build.0 = Debug|iPhone
		{E478A210-66FB-4BDE-9AA8-3D20DDFE4FCA}.Debug|iPhoneSimulator.ActiveCfg = Debug|iPhoneSimulator
		{E478A210-66FB-4BDE-9AA8-3D20DDFE4FCA}.Debug|iPhoneSimulator.Build.0 = Debug|iPhoneSimulator
		{E478A210-66FB-4BDE-9AA8-3D20DDFE4FCA}.Debug|x64.ActiveCfg = Debug|iPhone
		{E478A210-66FB-4BDE-9AA8-3D20DDFE4FCA}.Debug|x86.ActiveCfg = Debug|iPhone
		{E478A210-66FB-4BDE-9AA8-3D20DDFE4FCA}.Release|Any CPU.ActiveCfg = Release|iPhone
		{E478A210-66FB-4BDE-9AA8-3D20DDFE4FCA}.Release|ARM.ActiveCfg = Release|iPhone
		{E478A210-66FB-4BDE-9AA8-3D20DDFE4FCA}.Release|iPhone.ActiveCfg = Release|iPhone
		{E478A210-66FB-4BDE-9AA8-3D20DDFE4FCA}.Release|iPhone.Build.0 = Release|iPhone
		{E478A210-66FB-4BDE-9AA8-3D20DDFE4FCA}.Release|iPhoneSimulator.ActiveCfg = Release|iPhoneSimulator
		{E478A210-66FB-4BDE-9AA8-3D20DDFE4FCA}.Release|iPhoneSimulator.Build.0 = Release|iPhoneSimulator
		{E478A210-66FB-4BDE-9AA8-3D20DDFE4FCA}.Release|x64.ActiveCfg = Release|iPhone
		{E478A210-66FB-4BDE-9AA8-3D20DDFE4FCA}.Release|x86.ActiveCfg = Release|iPhone
	EndGlobalSection
	GlobalSection(SolutionProperties) = preSolution
		HideSolutionNode = FALSE
	EndGlobalSection
	GlobalSection(NestedProjects) = preSolution
		{DE2DBC59-B397-46C0-8B76-7735E6BFD51E} = {0C5DE55F-0FAB-4E53-95A1-63444FBBAB54}
		{DFF33968-A06A-497E-87AB-CCBB983E2B43} = {0C5DE55F-0FAB-4E53-95A1-63444FBBAB54}
		{CF333E13-FF99-48E6-B3FF-04471555007C} = {0C5DE55F-0FAB-4E53-95A1-63444FBBAB54}
		{E478A210-66FB-4BDE-9AA8-3D20DDFE4FCA} = {0C5DE55F-0FAB-4E53-95A1-63444FBBAB54}
	EndGlobalSection
	GlobalSection(ExtensibilityGlobals) = postSolution
		SolutionGuid = {18F3B421-4DB3-469F-9884-DE3DEEF819AA}
	EndGlobalSection
EndGlobal
